schema: '2.0'
stages:
  data_ingestion:
    cmd: python src/cnnClassifier/pipeline/stage_01_data_ingestion.py
    deps:
    - path: config/config.yaml
      hash: md5
      md5: 1c8148072faec3083543c3addba33ee3
      size: 778
    - path: src/cnnClassifier/pipeline/stage_01_data_ingestion.py
      hash: md5
      md5: 310562ecada24a5fea878f5019b3de4c
      size: 878
    outs:
    - path: artifacts/data_ingestion/Chicken-fecal-images
      hash: md5
      md5: 9e1f8dd2eae3c29e9d635df89d438ae4.dir
      size: 12207807
      nfiles: 390
  prepare_base_model:
    cmd: python src/cnnClassifier/pipeline/stage_02_prepare_base_model.py
    deps:
    - path: config/config.yaml
      hash: md5
      md5: 1c8148072faec3083543c3addba33ee3
      size: 778
    - path: src/cnnClassifier/pipeline/stage_01_data_ingestion.py
      hash: md5
      md5: 310562ecada24a5fea878f5019b3de4c
      size: 878
    params:
      params.yaml:
        CLASSES: 2
        IMAGE_SIZE:
        - 224
        - 224
        - 3
        INCLUDE_TOP: false
        LEARNING_RATE: 0.01
        WEIGHTS: imagenet
    outs:
    - path: artifacts/prepare_base_model
      hash: md5
      md5: 4cb2ee21312dca786a3914a860897949.dir
      size: 118059248
      nfiles: 2
  training:
    cmd: python src/cnnClassifier/pipeline/stage_03_training.py
    deps:
    - path: artifacts/data_ingestion/Chicken-fecal-images
      hash: md5
      md5: 9e1f8dd2eae3c29e9d635df89d438ae4.dir
      size: 12207807
      nfiles: 390
    - path: artifacts/prepare_base_model
      hash: md5
      md5: 4cb2ee21312dca786a3914a860897949.dir
      size: 118059248
      nfiles: 2
    - path: config/config.yaml
      hash: md5
      md5: 1c8148072faec3083543c3addba33ee3
      size: 778
    - path: src/cnnClassifier/components/prepare_callbacks.py
      hash: md5
      md5: a677b5b4532b4a5f3f3bcc2904cf4478
      size: 913
    - path: src/cnnClassifier/pipeline/stage_03_training.py
      hash: md5
      md5: 4d63d51c8562708a338ed6e47194bf1a
      size: 1242
    params:
      params.yaml:
        AUGMENTATION: true
        BATCH_SIZE: 16
        EPOCHS: 5
        IMAGE_SIZE:
        - 224
        - 224
        - 3
    outs:
    - path: artifacts/training/model.h5
      hash: md5
      md5: 9e8432d0e10be1fe02fa20867f74997f
      size: 59340720
  evaluation:
    cmd: python src/cnnClassifier/pipeline/stage_04_evaluation.py
    deps:
    - path: artifacts/data_ingestion/Chicken-fecal-images
      hash: md5
      md5: 9e1f8dd2eae3c29e9d635df89d438ae4.dir
      size: 12207807
      nfiles: 390
    - path: artifacts/training/model.h5
      hash: md5
      md5: 9e8432d0e10be1fe02fa20867f74997f
      size: 59340720
    - path: config/config.yaml
      hash: md5
      md5: 1c8148072faec3083543c3addba33ee3
      size: 778
    - path: src/cnnClassifier/pipeline/stage_04_evaluation.py
      hash: md5
      md5: 2dcc774fbfe6dedcc4be12e844a26638
      size: 850
    params:
      params.yaml:
        BATCH_SIZE: 16
        IMAGE_SIZE:
        - 224
        - 224
        - 3
    outs:
    - path: scores.json
      hash: md5
      md5: c89b94b49e992e97bd63fc98ca1778a7
      size: 70
